
Microsoft Visual Studio Solution File, Format Version 12.00
# Visual Studio Version 17
VisualStudioVersion = 17.6.33829.357
MinimumVisualStudioVersion = 10.0.40219.1
Project("{FAE04EC0-301F-11D3-BF4B-00C04F79EFBC}") = "lab3", "lab3\lab3.csproj", "{310A21C9-7908-440E-9D89-11F7873732DC}"
EndProject
Global
	GlobalSection(SolutionConfigurationPlatforms) = preSolution
		Debug|Any CPU = Debug|Any CPU
		Release|Any CPU = Release|Any CPU
	EndGlobalSection
	GlobalSection(ProjectConfigurationPlatforms) = postSolution
		{310A21C9-7908-440E-9D89-11F7873732DC}.Debug|Any CPU.ActiveCfg = Debug|Any CPU
		{310A21C9-7908-440E-9D89-11F7873732DC}.Debug|Any CPU.Build.0 = Debug|Any CPU
		{310A21C9-7908-440E-9D89-11F7873732DC}.Release|Any CPU.ActiveCfg = Release|Any CPU
		{310A21C9-7908-440E-9D89-11F7873732DC}.Release|Any CPU.Build.0 = Release|Any CPU
	EndGlobalSection
	GlobalSection(SolutionProperties) = preSolution
		HideSolutionNode = FALSE
	EndGlobalSection
	GlobalSection(ExtensibilityGlobals) = postSolution
		SolutionGuid = {3237CF7C-2345-4982-A43D-3E6D4801C5BF}
	EndGlobalSection
EndGlobal
