
Microsoft Visual Studio Solution File, Format Version 12.00
# Visual Studio Version 17
VisualStudioVersion = 17.6.33829.357
MinimumVisualStudioVersion = 10.0.40219.1
Project("{FAE04EC0-301F-11D3-BF4B-00C04F79EFBC}") = "Lab_Ass3_Ques1", "Lab_Ass3_Ques1\Lab_Ass3_Ques1.csproj", "{0F867D8A-8992-4103-A6B2-7D6B7A970B65}"
EndProject
Global
	GlobalSection(SolutionConfigurationPlatforms) = preSolution
		Debug|Any CPU = Debug|Any CPU
		Release|Any CPU = Release|Any CPU
	EndGlobalSection
	GlobalSection(ProjectConfigurationPlatforms) = postSolution
		{0F867D8A-8992-4103-A6B2-7D6B7A970B65}.Debug|Any CPU.ActiveCfg = Debug|Any CPU
		{0F867D8A-8992-4103-A6B2-7D6B7A970B65}.Debug|Any CPU.Build.0 = Debug|Any CPU
		{0F867D8A-8992-4103-A6B2-7D6B7A970B65}.Release|Any CPU.ActiveCfg = Release|Any CPU
		{0F867D8A-8992-4103-A6B2-7D6B7A970B65}.Release|Any CPU.Build.0 = Release|Any CPU
	EndGlobalSection
	GlobalSection(SolutionProperties) = preSolution
		HideSolutionNode = FALSE
	EndGlobalSection
	GlobalSection(ExtensibilityGlobals) = postSolution
		SolutionGuid = {BC0FF333-D90E-4FF9-8CD6-05DA3D96307E}
	EndGlobalSection
EndGlobal
